{
  "pins" : [
    {
      "identity" : "pow",
      "kind" : "remoteSourceControl",
      "location" : "https://github.com/EmergeTools/Pow",
      "state" : {
        "revision" : "cc014eba4b65f689cadc281ad925de5607f2adc9",
        "version" : "1.0.3"
      }
    },
    {
      "identity" : "time",
      "kind" : "remoteSourceControl",
      "location" : "https://github.com/davedelong/time",
      "state" : {
        "revision" : "f827477216e688ef59b68cada2d038124ec08185",
        "version" : "1.0.0"
      }
    }
  ],
  "version" : 2
}
