{
  "pins" : [
    {
      "identity" : "pow",
      "kind" : "remoteSourceControl",
      "location" : "https://github.com/EmergeTools/Pow",
      "state" : {
        "revision" : "cc014eba4b65f689cadc281ad925de5607f2adc9",
        "version" : "1.0.3"
      }
    },
    {
      "identity" : "time",
      "kind" : "remoteSourceControl",
      "location" : "https://github.com/davedelong/time",
      "state" : {
        "branch" : "main",
        "revision" : "5653223b7aa6b88604171be473c0663006878dc8"
      }
    }
  ],
  "version" : 2
}
